// !$*UTF8*$!
{
	archiveVersion = 1;
	classes = {
	};
	objectVersion = 50;
	objects = {

/* Begin PBXBuildFile section */
		415AFAA689AFB938FF2B0E25 /* Pods_LoginApp.framework in Frameworks */ = {isa = PBXBuildFile; fileRef = 50D6613A6A0C7A8E2DF066D4 /* Pods_LoginApp.framework */; };
		D5392ACE2090F03600BFF5AE /* GoogleService-Info.plist in Resources */ = {isa = PBXBuildFile; fileRef = D5392ACD2090F03600BFF5AE /* GoogleService-Info.plist */; };
		D5392AD420914E5C00BFF5AE /* nextViewController.swift in Sources */ = {isa = PBXBuildFile; fileRef = D5392AD320914E5C00BFF5AE /* nextViewController.swift */; };
		D5C99F812090EB4B00AC48F7 /* AppDelegate.swift in Sources */ = {isa = PBXBuildFile; fileRef = D5C99F802090EB4B00AC48F7 /* AppDelegate.swift */; };
		D5C99F832090EB4B00AC48F7 /* ViewController.swift in Sources */ = {isa = PBXBuildFile; fileRef = D5C99F822090EB4B00AC48F7 /* ViewController.swift */; };
		D5C99F862090EB4B00AC48F7 /* Main.storyboard in Resources */ = {isa = PBXBuildFile; fileRef = D5C99F842090EB4B00AC48F7 /* Main.storyboard */; };
		D5C99F882090EB4B00AC48F7 /* Assets.xcassets in Resources */ = {isa = PBXBuildFile; fileRef = D5C99F872090EB4B00AC48F7 /* Assets.xcassets */; };
		D5C99F8B2090EB4B00AC48F7 /* LaunchScreen.storyboard in Resources */ = {isa = PBXBuildFile; fileRef = D5C99F892090EB4B00AC48F7 /* LaunchScreen.storyboard */; };
/* End PBXBuildFile section */

/* Begin PBXFileReference section */
		50D6613A6A0C7A8E2DF066D4 /* Pods_LoginApp.framework */ = {isa = PBXFileReference; explicitFileType = wrapper.framework; includeInIndex = 0; path = Pods_LoginApp.framework; sourceTree = BUILT_PRODUCTS_DIR; };
		75BE182ACD32F8B5DE705802 /* Pods-LoginApp.debug.xcconfig */ = {isa = PBXFileReference; includeInIndex = 1; lastKnownFileType = text.xcconfig; name = "Pods-LoginApp.debug.xcconfig"; path = "Pods/Target Support Files/Pods-LoginApp/Pods-LoginApp.debug.xcconfig"; sourceTree = "<group>"; };
		8FEE8DC7A478FFDED5B9BCBA /* Pods-LoginApp.release.xcconfig */ = {isa = PBXFileReference; includeInIndex = 1; lastKnownFileType = text.xcconfig; name = "Pods-LoginApp.release.xcconfig"; path = "Pods/Target Support Files/Pods-LoginApp/Pods-LoginApp.release.xcconfig"; sourceTree = "<group>"; };
		D5392ACD2090F03600BFF5AE /* GoogleService-Info.plist */ = {isa = PBXFileReference; fileEncoding = 4; lastKnownFileType = text.plist.xml; path = "GoogleService-Info.plist"; sourceTree = SOURCE_ROOT; };
		D5392ACF209105A900BFF5AE /* LoginApp-Bridging-Header.h */ = {isa = PBXFileReference; lastKnownFileType = sourcecode.c.h; path = "LoginApp-Bridging-Header.h"; sourceTree = "<group>"; };
		D5392AD320914E5C00BFF5AE /* nextViewController.swift */ = {isa = PBXFileReference; lastKnownFileType = sourcecode.swift; path = nextViewController.swift; sourceTree = "<group>"; };
		D5C99F7D2090EB4B00AC48F7 /* LoginApp.app */ = {isa = PBXFileReference; explicitFileType = wrapper.application; includeInIndex = 0; path = LoginApp.app; sourceTree = BUILT_PRODUCTS_DIR; };
		D5C99F802090EB4B00AC48F7 /* AppDelegate.swift */ = {isa = PBXFileReference; lastKnownFileType = sourcecode.swift; path = AppDelegate.swift; sourceTree = "<group>"; };
		D5C99F822090EB4B00AC48F7 /* ViewController.swift */ = {isa = PBXFileReference; lastKnownFileType = sourcecode.swift; path = ViewController.swift; sourceTree = "<group>"; };
		D5C99F852090EB4B00AC48F7 /* Base */ = {isa = PBXFileReference; lastKnownFileType = file.storyboard; name = Base; path = Base.lproj/Main.storyboard; sourceTree = "<group>"; };
		D5C99F872090EB4B00AC48F7 /* Assets.xcassets */ = {isa = PBXFileReference; lastKnownFileType = folder.assetcatalog; path = Assets.xcassets; sourceTree = "<group>"; };
		D5C99F8A2090EB4B00AC48F7 /* Base */ = {isa = PBXFileReference; lastKnownFileType = file.storyboard; name = Base; path = Base.lproj/LaunchScreen.storyboard; sourceTree = "<group>"; };
		D5C99F8C2090EB4B00AC48F7 /* Info.plist */ = {isa = PBXFileReference; lastKnownFileType = text.plist.xml; path = Info.plist; sourceTree = "<group>"; };
/* End PBXFileReference section */

/* Begin PBXFrameworksBuildPhase section */
		D5C99F7A2090EB4B00AC48F7 /* Frameworks */ = {
			isa = PBXFrameworksBuildPhase;
			buildActionMask = 2147483647;
			files = (
				415AFAA689AFB938FF2B0E25 /* Pods_LoginApp.framework in Frameworks */,
			);
			runOnlyForDeploymentPostprocessing = 0;
		};
/* End PBXFrameworksBuildPhase section */

/* Begin PBXGroup section */
		0AE6735DABAA5D344086A757 /* Pods */ = {
			isa = PBXGroup;
			children = (
				75BE182ACD32F8B5DE705802 /* Pods-LoginApp.debug.xcconfig */,
				8FEE8DC7A478FFDED5B9BCBA /* Pods-LoginApp.release.xcconfig */,
			);
			name = Pods;
			sourceTree = "<group>";
		};
		A7869E50D7920A8D8BA04355 /* Frameworks */ = {
			isa = PBXGroup;
			children = (
				50D6613A6A0C7A8E2DF066D4 /* Pods_LoginApp.framework */,
			);
			name = Frameworks;
			sourceTree = "<group>";
		};
		D5C99F742090EB4B00AC48F7 = {
			isa = PBXGroup;
			children = (
				D5C99F7F2090EB4B00AC48F7 /* LoginApp */,
				D5C99F7E2090EB4B00AC48F7 /* Products */,
				0AE6735DABAA5D344086A757 /* Pods */,
				A7869E50D7920A8D8BA04355 /* Frameworks */,
			);
			sourceTree = "<group>";
		};
		D5C99F7E2090EB4B00AC48F7 /* Products */ = {
			isa = PBXGroup;
			children = (
				D5C99F7D2090EB4B00AC48F7 /* LoginApp.app */,
			);
			name = Products;
			sourceTree = "<group>";
		};
		D5C99F7F2090EB4B00AC48F7 /* LoginApp */ = {
			isa = PBXGroup;
			children = (
				D5C99F802090EB4B00AC48F7 /* AppDelegate.swift */,
				D5C99F822090EB4B00AC48F7 /* ViewController.swift */,
				D5392AD320914E5C00BFF5AE /* nextViewController.swift */,
				D5C99F842090EB4B00AC48F7 /* Main.storyboard */,
				D5392ACD2090F03600BFF5AE /* GoogleService-Info.plist */,
				D5C99F872090EB4B00AC48F7 /* Assets.xcassets */,
				D5C99F892090EB4B00AC48F7 /* LaunchScreen.storyboard */,
				D5C99F8C2090EB4B00AC48F7 /* Info.plist */,
				D5392ACF209105A900BFF5AE /* LoginApp-Bridging-Header.h */,
			);
			path = LoginApp;
			sourceTree = "<group>";
		};
/* End PBXGroup section */

/* Begin PBXNativeTarget section */
		D5C99F7C2090EB4B00AC48F7 /* LoginApp */ = {
			isa = PBXNativeTarget;
			buildConfigurationList = D5C99F8F2090EB4C00AC48F7 /* Build configuration list for PBXNativeTarget "LoginApp" */;
			buildPhases = (
				0B0544E6237A6CE12890BE88 /* [CP] Check Pods Manifest.lock */,
				D5C99F792090EB4B00AC48F7 /* Sources */,
				D5C99F7A2090EB4B00AC48F7 /* Frameworks */,
				D5C99F7B2090EB4B00AC48F7 /* Resources */,
				C61B09C998A284E40C5C234E /* [CP] Embed Pods Frameworks */,
			);
			buildRules = (
			);
			dependencies = (
			);
			name = LoginApp;
			productName = LoginApp;
			productReference = D5C99F7D2090EB4B00AC48F7 /* LoginApp.app */;
			productType = "com.apple.product-type.application";
		};
/* End PBXNativeTarget section */

/* Begin PBXProject section */
		D5C99F752090EB4B00AC48F7 /* Project object */ = {
			isa = PBXProject;
			attributes = {
				LastSwiftUpdateCheck = 0930;
				LastUpgradeCheck = 0930;
				ORGANIZATIONNAME = "Dipankar Ghosh";
				TargetAttributes = {
					D5C99F7C2090EB4B00AC48F7 = {
						CreatedOnToolsVersion = 9.3;
						LastSwiftMigration = 0930;
					};
				};
			};
			buildConfigurationList = D5C99F782090EB4B00AC48F7 /* Build configuration list for PBXProject "LoginApp" */;
			compatibilityVersion = "Xcode 9.3";
			developmentRegion = en;
			hasScannedForEncodings = 0;
			knownRegions = (
				en,
				Base,
			);
			mainGroup = D5C99F742090EB4B00AC48F7;
			productRefGroup = D5C99F7E2090EB4B00AC48F7 /* Products */;
			projectDirPath = "";
			projectRoot = "";
			targets = (
				D5C99F7C2090EB4B00AC48F7 /* LoginApp */,
			);
		};
/* End PBXProject section */

/* Begin PBXResourcesBuildPhase section */
		D5C99F7B2090EB4B00AC48F7 /* Resources */ = {
			isa = PBXResourcesBuildPhase;
			buildActionMask = 2147483647;
			files = (
				D5C99F8B2090EB4B00AC48F7 /* LaunchScreen.storyboard in Resources */,
				D5392ACE2090F03600BFF5AE /* GoogleService-Info.plist in Resources */,
				D5C99F882090EB4B00AC48F7 /* Assets.xcassets in Resources */,
				D5C99F862090EB4B00AC48F7 /* Main.storyboard in Resources */,
			);
			runOnlyForDeploymentPostprocessing = 0;
		};
/* End PBXResourcesBuildPhase section */

/* Begin PBXShellScriptBuildPhase section */
		0B0544E6237A6CE12890BE88 /* [CP] Check Pods Manifest.lock */ = {
			isa = PBXShellScriptBuildPhase;
			buildActionMask = 2147483647;
			files = (
			);
			inputPaths = (
				"${PODS_PODFILE_DIR_PATH}/Podfile.lock",
				"${PODS_ROOT}/Manifest.lock",
			);
			name = "[CP] Check Pods Manifest.lock";
			outputPaths = (
				"$(DERIVED_FILE_DIR)/Pods-LoginApp-checkManifestLockResult.txt",
			);
			runOnlyForDeploymentPostprocessing = 0;
			shellPath = /bin/sh;
			shellScript = "diff \"${PODS_PODFILE_DIR_PATH}/Podfile.lock\" \"${PODS_ROOT}/Manifest.lock\" > /dev/null\nif [ $? != 0 ] ; then\n    # print error to STDERR\n    echo \"error: The sandbox is not in sync with the Podfile.lock. Run 'pod install' or update your CocoaPods installation.\" >&2\n    exit 1\nfi\n# This output is used by Xcode 'outputs' to avoid re-running this script phase.\necho \"SUCCESS\" > \"${SCRIPT_OUTPUT_FILE_0}\"\n";
			showEnvVarsInLog = 0;
		};
		C61B09C998A284E40C5C234E /* [CP] Embed Pods Frameworks */ = {
			isa = PBXShellScriptBuildPhase;
			buildActionMask = 2147483647;
			files = (
			);
			inputPaths = (
				"${SRCROOT}/Pods/Target Support Files/Pods-LoginApp/Pods-LoginApp-frameworks.sh",
				"${BUILT_PRODUCTS_DIR}/GTMSessionFetcher/GTMSessionFetcher.framework",
				"${BUILT_PRODUCTS_DIR}/GoogleToolboxForMac/GoogleToolboxForMac.framework",
				"${BUILT_PRODUCTS_DIR}/nanopb/nanopb.framework",
			);
			name = "[CP] Embed Pods Frameworks";
			outputPaths = (
				"${TARGET_BUILD_DIR}/${FRAMEWORKS_FOLDER_PATH}/GTMSessionFetcher.framework",
				"${TARGET_BUILD_DIR}/${FRAMEWORKS_FOLDER_PATH}/GoogleToolboxForMac.framework",
				"${TARGET_BUILD_DIR}/${FRAMEWORKS_FOLDER_PATH}/nanopb.framework",
			);
			runOnlyForDeploymentPostprocessing = 0;
			shellPath = /bin/sh;
			shellScript = "\"${SRCROOT}/Pods/Target Support Files/Pods-LoginApp/Pods-LoginApp-frameworks.sh\"\n";
			showEnvVarsInLog = 0;
		};
/* End PBXShellScriptBuildPhase section */

/* Begin PBXSourcesBuildPhase section */
		D5C99F792090EB4B00AC48F7 /* Sources */ = {
			isa = PBXSourcesBuildPhase;
			buildActionMask = 2147483647;
			files = (
				D5392AD420914E5C00BFF5AE /* nextViewController.swift in Sources */,
				D5C99F832090EB4B00AC48F7 /* ViewController.swift in Sources */,
				D5C99F812090EB4B00AC48F7 /* AppDelegate.swift in Sources */,
			);
			runOnlyForDeploymentPostprocessing = 0;
		};
/* End PBXSourcesBuildPhase section */

/* Begin PBXVariantGroup section */
		D5C99F842090EB4B00AC48F7 /* Main.storyboard */ = {
			isa = PBXVariantGroup;
			children = (
				D5C99F852090EB4B00AC48F7 /* Base */,
			);
			name = Main.storyboard;
			sourceTree = "<group>";
		};
		D5C99F892090EB4B00AC48F7 /* LaunchScreen.storyboard */ = {
			isa = PBXVariantGroup;
			children = (
				D5C99F8A2090EB4B00AC48F7 /* Base */,
			);
			name = LaunchScreen.storyboard;
			sourceTree = "<group>";
		};
/* End PBXVariantGroup section */

/* Begin XCBuildConfiguration section */
		D5C99F8D2090EB4C00AC48F7 /* Debug */ = {
			isa = XCBuildConfiguration;
			buildSettings = {
				ALWAYS_SEARCH_USER_PATHS = NO;
				CLANG_ANALYZER_NONNULL = YES;
				CLANG_ANALYZER_NUMBER_OBJECT_CONVERSION = YES_AGGRESSIVE;
				CLANG_CXX_LANGUAGE_STANDARD = "gnu++14";
				CLANG_CXX_LIBRARY = "libc++";
				CLANG_ENABLE_MODULES = YES;
				CLANG_ENABLE_OBJC_ARC = YES;
				CLANG_ENABLE_OBJC_WEAK = YES;
				CLANG_WARN_BLOCK_CAPTURE_AUTORELEASING = YES;
				CLANG_WARN_BOOL_CONVERSION = YES;
				CLANG_WARN_COMMA = YES;
				CLANG_WARN_CONSTANT_CONVERSION = YES;
				CLANG_WARN_DEPRECATED_OBJC_IMPLEMENTATIONS = YES;
				CLANG_WARN_DIRECT_OBJC_ISA_USAGE = YES_ERROR;
				CLANG_WARN_DOCUMENTATION_COMMENTS = YES;
				CLANG_WARN_EMPTY_BODY = YES;
				CLANG_WARN_ENUM_CONVERSION = YES;
				CLANG_WARN_INFINITE_RECURSION = YES;
				CLANG_WARN_INT_CONVERSION = YES;
				CLANG_WARN_NON_LITERAL_NULL_CONVERSION = YES;
				CLANG_WARN_OBJC_IMPLICIT_RETAIN_SELF = YES;
				CLANG_WARN_OBJC_LITERAL_CONVERSION = YES;
				CLANG_WARN_OBJC_ROOT_CLASS = YES_ERROR;
				CLANG_WARN_RANGE_LOOP_ANALYSIS = YES;
				CLANG_WARN_STRICT_PROTOTYPES = YES;
				CLANG_WARN_SUSPICIOUS_MOVE = YES;
				CLANG_WARN_UNGUARDED_AVAILABILITY = YES_AGGRESSIVE;
				CLANG_WARN_UNREACHABLE_CODE = YES;
				CLANG_WARN__DUPLICATE_METHOD_MATCH = YES;
				CODE_SIGN_IDENTITY = "iPhone Developer";
				COPY_PHASE_STRIP = NO;
				DEBUG_INFORMATION_FORMAT = dwarf;
				ENABLE_STRICT_OBJC_MSGSEND = YES;
				ENABLE_TESTABILITY = YES;
				GCC_C_LANGUAGE_STANDARD = gnu11;
				GCC_DYNAMIC_NO_PIC = NO;
				GCC_NO_COMMON_BLOCKS = YES;
				GCC_OPTIMIZATION_LEVEL = 0;
				GCC_PREPROCESSOR_DEFINITIONS = (
					"DEBUG=1",
					"$(inherited)",
				);
				GCC_WARN_64_TO_32_BIT_CONVERSION = YES;
				GCC_WARN_ABOUT_RETURN_TYPE = YES_ERROR;
				GCC_WARN_UNDECLARED_SELECTOR = YES;
				GCC_WARN_UNINITIALIZED_AUTOS = YES_AGGRESSIVE;
				GCC_WARN_UNUSED_FUNCTION = YES;
				GCC_WARN_UNUSED_VARIABLE = YES;
				IPHONEOS_DEPLOYMENT_TARGET = 11.3;
				MTL_ENABLE_DEBUG_INFO = YES;
				ONLY_ACTIVE_ARCH = YES;
				SDKROOT = iphoneos;
				SWIFT_ACTIVE_COMPILATION_CONDITIONS = DEBUG;
				SWIFT_OPTIMIZATION_LEVEL = "-Onone";
			};
			name = Debug;
		};
		D5C99F8E2090EB4C00AC48F7 /* Release */ = {
			isa = XCBuildConfiguration;
			buildSettings = {
				ALWAYS_SEARCH_USER_PATHS = NO;
				CLANG_ANALYZER_NONNULL = YES;
				CLANG_ANALYZER_NUMBER_OBJECT_CONVERSION = YES_AGGRESSIVE;
				CLANG_CXX_LANGUAGE_STANDARD = "gnu++14";
				CLANG_CXX_LIBRARY = "libc++";
				CLANG_ENABLE_MODULES = YES;
				CLANG_ENABLE_OBJC_ARC = YES;
				CLANG_ENABLE_OBJC_WEAK = YES;
				CLANG_WARN_BLOCK_CAPTURE_AUTORELEASING = YES;
				CLANG_WARN_BOOL_CONVERSION = YES;
				CLANG_WARN_COMMA = YES;
				CLANG_WARN_CONSTANT_CONVERSION = YES;
				CLANG_WARN_DEPRECATED_OBJC_IMPLEMENTATIONS = YES;
				CLANG_WARN_DIRECT_OBJC_ISA_USAGE = YES_ERROR;
				CLANG_WARN_DOCUMENTATION_COMMENTS = YES;
				CLANG_WARN_EMPTY_BODY = YES;
				CLANG_WARN_ENUM_CONVERSION = YES;
				CLANG_WARN_INFINITE_RECURSION = YES;
				CLANG_WARN_INT_CONVERSION = YES;
				CLANG_WARN_NON_LITERAL_NULL_CONVERSION = YES;
				CLANG_WARN_OBJC_IMPLICIT_RETAIN_SELF = YES;
				CLANG_WARN_OBJC_LITERAL_CONVERSION = YES;
				CLANG_WARN_OBJC_ROOT_CLASS = YES_ERROR;
				CLANG_WARN_RANGE_LOOP_ANALYSIS = YES;
				CLANG_WARN_STRICT_PROTOTYPES = YES;
				CLANG_WARN_SUSPICIOUS_MOVE = YES;
				CLANG_WARN_UNGUARDED_AVAILABILITY = YES_AGGRESSIVE;
				CLANG_WARN_UNREACHABLE_CODE = YES;
				CLANG_WARN__DUPLICATE_METHOD_MATCH = YES;
				CODE_SIGN_IDENTITY = "iPhone Developer";
				COPY_PHASE_STRIP = NO;
				DEBUG_INFORMATION_FORMAT = "dwarf-with-dsym";
				ENABLE_NS_ASSERTIONS = NO;
				ENABLE_STRICT_OBJC_MSGSEND = YES;
				GCC_C_LANGUAGE_STANDARD = gnu11;
				GCC_NO_COMMON_BLOCKS = YES;
				GCC_WARN_64_TO_32_BIT_CONVERSION = YES;
				GCC_WARN_ABOUT_RETURN_TYPE = YES_ERROR;
				GCC_WARN_UNDECLARED_SELECTOR = YES;
				GCC_WARN_UNINITIALIZED_AUTOS = YES_AGGRESSIVE;
				GCC_WARN_UNUSED_FUNCTION = YES;
				GCC_WARN_UNUSED_VARIABLE = YES;
				IPHONEOS_DEPLOYMENT_TARGET = 11.3;
				MTL_ENABLE_DEBUG_INFO = NO;
				SDKROOT = iphoneos;
				SWIFT_COMPILATION_MODE = wholemodule;
				SWIFT_OPTIMIZATION_LEVEL = "-O";
				VALIDATE_PRODUCT = YES;
			};
			name = Release;
		};
		D5C99F902090EB4C00AC48F7 /* Debug */ = {
			isa = XCBuildConfiguration;
			baseConfigurationReference = 75BE182ACD32F8B5DE705802 /* Pods-LoginApp.debug.xcconfig */;
			buildSettings = {
				ASSETCATALOG_COMPILER_APPICON_NAME = AppIcon;
				CLANG_ENABLE_MODULES = YES;
				CODE_SIGN_STYLE = Automatic;
				DEVELOPMENT_TEAM = 4577HC2F73;
				INFOPLIST_FILE = LoginApp/Info.plist;
				LD_RUNPATH_SEARCH_PATHS = (
					"$(inherited)",
					"@executable_path/Frameworks",
				);
				PRODUCT_BUNDLE_IDENTIFIER = sensor.data;
				PRODUCT_NAME = "$(TARGET_NAME)";
				SWIFT_OBJC_BRIDGING_HEADER = "LoginApp/LoginApp-Bridging-Header.h";
				SWIFT_OPTIMIZATION_LEVEL = "-Onone";
				SWIFT_VERSION = 4.0;
				TARGETED_DEVICE_FAMILY = "1,2";
			};
			name = Debug;
		};
		D5C99F912090EB4C00AC48F7 /* Release */ = {
			isa = XCBuildConfiguration;
			baseConfigurationReference = 8FEE8DC7A478FFDED5B9BCBA /* Pods-LoginApp.release.xcconfig */;
			buildSettings = {
				ASSETCATALOG_COMPILER_APPICON_NAME = AppIcon;
				CLANG_ENABLE_MODULES = YES;
				CODE_SIGN_STYLE = Automatic;
				DEVELOPMENT_TEAM = 4577HC2F73;
				INFOPLIST_FILE = LoginApp/Info.plist;
				LD_RUNPATH_SEARCH_PATHS = (
					"$(inherited)",
					"@executable_path/Frameworks",
				);
				PRODUCT_BUNDLE_IDENTIFIER = sensor.data;
				PRODUCT_NAME = "$(TARGET_NAME)";
				SWIFT_OBJC_BRIDGING_HEADER = "LoginApp/LoginApp-Bridging-Header.h";
				SWIFT_VERSION = 4.0;
				TARGETED_DEVICE_FAMILY = "1,2";
			};
			name = Release;
		};
/* End XCBuildConfiguration section */

/* Begin XCConfigurationList section */
		D5C99F782090EB4B00AC48F7 /* Build configuration list for PBXProject "LoginApp" */ = {
			isa = XCConfigurationList;
			buildConfigurations = (
				D5C99F8D2090EB4C00AC48F7 /* Debug */,
				D5C99F8E2090EB4C00AC48F7 /* Release */,
			);
			defaultConfigurationIsVisible = 0;
			defaultConfigurationName = Release;
		};
		D5C99F8F2090EB4C00AC48F7 /* Build configuration list for PBXNativeTarget "LoginApp" */ = {
			isa = XCConfigurationList;
			buildConfigurations = (
				D5C99F902090EB4C00AC48F7 /* Debug */,
				D5C99F912090EB4C00AC48F7 /* Release */,
			);
			defaultConfigurationIsVisible = 0;
			defaultConfigurationName = Release;
		};
/* End XCConfigurationList section */
	};
	rootObject = D5C99F752090EB4B00AC48F7 /* Project object */;
}
